// !$*UTF8*$!
{
	archiveVersion = 1;
	classes = {
	};
	objectVersion = 56;
	objects = {

/* Begin PBXBuildFile section */
		187848B029FB816C00FC5A5F /* AppDelegate.swift in Sources */ = {isa = PBXBuildFile; fileRef = 187848AF29FB816C00FC5A5F /* AppDelegate.swift */; };
		187848B229FB816C00FC5A5F /* SceneDelegate.swift in Sources */ = {isa = PBXBuildFile; fileRef = 187848B129FB816C00FC5A5F /* SceneDelegate.swift */; };
		187848B429FB816C00FC5A5F /* LoginController.swift in Sources */ = {isa = PBXBuildFile; fileRef = 187848B329FB816C00FC5A5F /* LoginController.swift */; };
		187848B729FB816C00FC5A5F /* LoginView.storyboard in Resources */ = {isa = PBXBuildFile; fileRef = 187848B529FB816C00FC5A5F /* LoginView.storyboard */; };
		187848B929FB816E00FC5A5F /* Assets.xcassets in Resources */ = {isa = PBXBuildFile; fileRef = 187848B829FB816E00FC5A5F /* Assets.xcassets */; };
		187848BC29FB816E00FC5A5F /* LaunchScreen.storyboard in Resources */ = {isa = PBXBuildFile; fileRef = 187848BA29FB816E00FC5A5F /* LaunchScreen.storyboard */; };
		187848C629FB99BF00FC5A5F /* ReegisterView.storyboard in Resources */ = {isa = PBXBuildFile; fileRef = 187848C529FB99BF00FC5A5F /* ReegisterView.storyboard */; };
		187848C829FB9B0F00FC5A5F /* RegisterController.swift in Sources */ = {isa = PBXBuildFile; fileRef = 187848C729FB9B0F00FC5A5F /* RegisterController.swift */; };
/* End PBXBuildFile section */

/* Begin PBXFileReference section */
		187848AC29FB816C00FC5A5F /* GigleeLayout.app */ = {isa = PBXFileReference; explicitFileType = wrapper.application; includeInIndex = 0; path = GigleeLayout.app; sourceTree = BUILT_PRODUCTS_DIR; };
		187848AF29FB816C00FC5A5F /* AppDelegate.swift */ = {isa = PBXFileReference; lastKnownFileType = sourcecode.swift; path = AppDelegate.swift; sourceTree = "<group>"; };
		187848B129FB816C00FC5A5F /* SceneDelegate.swift */ = {isa = PBXFileReference; lastKnownFileType = sourcecode.swift; path = SceneDelegate.swift; sourceTree = "<group>"; };
		187848B329FB816C00FC5A5F /* LoginController.swift */ = {isa = PBXFileReference; lastKnownFileType = sourcecode.swift; path = LoginController.swift; sourceTree = "<group>"; };
		187848B629FB816C00FC5A5F /* Base */ = {isa = PBXFileReference; lastKnownFileType = file.storyboard; name = Base; path = Base.lproj/LoginView.storyboard; sourceTree = "<group>"; };
		187848B829FB816E00FC5A5F /* Assets.xcassets */ = {isa = PBXFileReference; lastKnownFileType = folder.assetcatalog; path = Assets.xcassets; sourceTree = "<group>"; };
		187848BB29FB816E00FC5A5F /* Base */ = {isa = PBXFileReference; lastKnownFileType = file.storyboard; name = Base; path = Base.lproj/LaunchScreen.storyboard; sourceTree = "<group>"; };
		187848BD29FB816E00FC5A5F /* Info.plist */ = {isa = PBXFileReference; lastKnownFileType = text.plist.xml; path = Info.plist; sourceTree = "<group>"; };
		187848C529FB99BF00FC5A5F /* ReegisterView.storyboard */ = {isa = PBXFileReference; lastKnownFileType = file.storyboard; path = ReegisterView.storyboard; sourceTree = "<group>"; };
		187848C729FB9B0F00FC5A5F /* RegisterController.swift */ = {isa = PBXFileReference; lastKnownFileType = sourcecode.swift; path = RegisterController.swift; sourceTree = "<group>"; };
/* End PBXFileReference section */

/* Begin PBXFrameworksBuildPhase section */
		187848A929FB816C00FC5A5F /* Frameworks */ = {
			isa = PBXFrameworksBuildPhase;
			buildActionMask = 2147483647;
			files = (
			);
			runOnlyForDeploymentPostprocessing = 0;
		};
/* End PBXFrameworksBuildPhase section */

/* Begin PBXGroup section */
		187848A329FB816C00FC5A5F = {
			isa = PBXGroup;
			children = (
				187848AE29FB816C00FC5A5F /* GigleeLayout */,
				187848AD29FB816C00FC5A5F /* Products */,
			);
			sourceTree = "<group>";
		};
		187848AD29FB816C00FC5A5F /* Products */ = {
			isa = PBXGroup;
			children = (
				187848AC29FB816C00FC5A5F /* GigleeLayout.app */,
			);
			name = Products;
			sourceTree = "<group>";
		};
		187848AE29FB816C00FC5A5F /* GigleeLayout */ = {
			isa = PBXGroup;
			children = (
				187848C429FB934400FC5A5F /* Controllers */,
				187848C329FB933B00FC5A5F /* Views */,
				187848AF29FB816C00FC5A5F /* AppDelegate.swift */,
				187848B129FB816C00FC5A5F /* SceneDelegate.swift */,
				187848B829FB816E00FC5A5F /* Assets.xcassets */,
				187848BA29FB816E00FC5A5F /* LaunchScreen.storyboard */,
				187848BD29FB816E00FC5A5F /* Info.plist */,
			);
			path = GigleeLayout;
			sourceTree = "<group>";
		};
		187848C329FB933B00FC5A5F /* Views */ = {
			isa = PBXGroup;
			children = (
				187848B529FB816C00FC5A5F /* LoginView.storyboard */,
				187848C529FB99BF00FC5A5F /* ReegisterView.storyboard */,
			);
			path = Views;
			sourceTree = "<group>";
		};
		187848C429FB934400FC5A5F /* Controllers */ = {
			isa = PBXGroup;
			children = (
				187848B329FB816C00FC5A5F /* LoginController.swift */,
				187848C729FB9B0F00FC5A5F /* RegisterController.swift */,
			);
			path = Controllers;
			sourceTree = "<group>";
		};
/* End PBXGroup section */

/* Begin PBXNativeTarget section */
		187848AB29FB816C00FC5A5F /* GigleeLayout */ = {
			isa = PBXNativeTarget;
			buildConfigurationList = 187848C029FB816E00FC5A5F /* Build configuration list for PBXNativeTarget "GigleeLayout" */;
			buildPhases = (
				187848A829FB816C00FC5A5F /* Sources */,
				187848A929FB816C00FC5A5F /* Frameworks */,
				187848AA29FB816C00FC5A5F /* Resources */,
			);
			buildRules = (
			);
			dependencies = (
			);
			name = GigleeLayout;
			productName = GigleeLayout;
			productReference = 187848AC29FB816C00FC5A5F /* GigleeLayout.app */;
			productType = "com.apple.product-type.application";
		};
/* End PBXNativeTarget section */

/* Begin PBXProject section */
		187848A429FB816C00FC5A5F /* Project object */ = {
			isa = PBXProject;
			attributes = {
				BuildIndependentTargetsInParallel = 1;
				LastSwiftUpdateCheck = 1420;
				LastUpgradeCheck = 1420;
				TargetAttributes = {
					187848AB29FB816C00FC5A5F = {
						CreatedOnToolsVersion = 14.2;
					};
				};
			};
			buildConfigurationList = 187848A729FB816C00FC5A5F /* Build configuration list for PBXProject "GigleeLayout" */;
			compatibilityVersion = "Xcode 14.0";
			developmentRegion = en;
			hasScannedForEncodings = 0;
			knownRegions = (
				en,
				Base,
			);
			mainGroup = 187848A329FB816C00FC5A5F;
			productRefGroup = 187848AD29FB816C00FC5A5F /* Products */;
			projectDirPath = "";
			projectRoot = "";
			targets = (
				187848AB29FB816C00FC5A5F /* GigleeLayout */,
			);
		};
/* End PBXProject section */

/* Begin PBXResourcesBuildPhase section */
		187848AA29FB816C00FC5A5F /* Resources */ = {
			isa = PBXResourcesBuildPhase;
			buildActionMask = 2147483647;
			files = (
				187848C629FB99BF00FC5A5F /* ReegisterView.storyboard in Resources */,
				187848BC29FB816E00FC5A5F /* LaunchScreen.storyboard in Resources */,
				187848B929FB816E00FC5A5F /* Assets.xcassets in Resources */,
				187848B729FB816C00FC5A5F /* LoginView.storyboard in Resources */,
			);
			runOnlyForDeploymentPostprocessing = 0;
		};
/* End PBXResourcesBuildPhase section */

/* Begin PBXSourcesBuildPhase section */
		187848A829FB816C00FC5A5F /* Sources */ = {
			isa = PBXSourcesBuildPhase;
			buildActionMask = 2147483647;
			files = (
				187848C829FB9B0F00FC5A5F /* RegisterController.swift in Sources */,
				187848B429FB816C00FC5A5F /* LoginController.swift in Sources */,
				187848B029FB816C00FC5A5F /* AppDelegate.swift in Sources */,
				187848B229FB816C00FC5A5F /* SceneDelegate.swift in Sources */,
			);
			runOnlyForDeploymentPostprocessing = 0;
		};
/* End PBXSourcesBuildPhase section */

/* Begin PBXVariantGroup section */
		187848B529FB816C00FC5A5F /* LoginView.storyboard */ = {
			isa = PBXVariantGroup;
			children = (
				187848B629FB816C00FC5A5F /* Base */,
			);
			name = LoginView.storyboard;
			sourceTree = "<group>";
		};
		187848BA29FB816E00FC5A5F /* LaunchScreen.storyboard */ = {
			isa = PBXVariantGroup;
			children = (
				187848BB29FB816E00FC5A5F /* Base */,
			);
			name = LaunchScreen.storyboard;
			sourceTree = "<group>";
		};
/* End PBXVariantGroup section */

/* Begin XCBuildConfiguration section */
		187848BE29FB816E00FC5A5F /* Debug */ = {
			isa = XCBuildConfiguration;
			buildSettings = {
				ALWAYS_SEARCH_USER_PATHS = NO;
				CLANG_ANALYZER_NONNULL = YES;
				CLANG_ANALYZER_NUMBER_OBJECT_CONVERSION = YES_AGGRESSIVE;
				CLANG_CXX_LANGUAGE_STANDARD = "gnu++20";
				CLANG_ENABLE_MODULES = YES;
				CLANG_ENABLE_OBJC_ARC = YES;
				CLANG_ENABLE_OBJC_WEAK = YES;
				CLANG_WARN_BLOCK_CAPTURE_AUTORELEASING = YES;
				CLANG_WARN_BOOL_CONVERSION = YES;
				CLANG_WARN_COMMA = YES;
				CLANG_WARN_CONSTANT_CONVERSION = YES;
				CLANG_WARN_DEPRECATED_OBJC_IMPLEMENTATIONS = YES;
				CLANG_WARN_DIRECT_OBJC_ISA_USAGE = YES_ERROR;
				CLANG_WARN_DOCUMENTATION_COMMENTS = YES;
				CLANG_WARN_EMPTY_BODY = YES;
				CLANG_WARN_ENUM_CONVERSION = YES;
				CLANG_WARN_INFINITE_RECURSION = YES;
				CLANG_WARN_INT_CONVERSION = YES;
				CLANG_WARN_NON_LITERAL_NULL_CONVERSION = YES;
				CLANG_WARN_OBJC_IMPLICIT_RETAIN_SELF = YES;
				CLANG_WARN_OBJC_LITERAL_CONVERSION = YES;
				CLANG_WARN_OBJC_ROOT_CLASS = YES_ERROR;
				CLANG_WARN_QUOTED_INCLUDE_IN_FRAMEWORK_HEADER = YES;
				CLANG_WARN_RANGE_LOOP_ANALYSIS = YES;
				CLANG_WARN_STRICT_PROTOTYPES = YES;
				CLANG_WARN_SUSPICIOUS_MOVE = YES;
				CLANG_WARN_UNGUARDED_AVAILABILITY = YES_AGGRESSIVE;
				CLANG_WARN_UNREACHABLE_CODE = YES;
				CLANG_WARN__DUPLICATE_METHOD_MATCH = YES;
				COPY_PHASE_STRIP = NO;
				DEBUG_INFORMATION_FORMAT = dwarf;
				ENABLE_STRICT_OBJC_MSGSEND = YES;
				ENABLE_TESTABILITY = YES;
				GCC_C_LANGUAGE_STANDARD = gnu11;
				GCC_DYNAMIC_NO_PIC = NO;
				GCC_NO_COMMON_BLOCKS = YES;
				GCC_OPTIMIZATION_LEVEL = 0;
				GCC_PREPROCESSOR_DEFINITIONS = (
					"DEBUG=1",
					"$(inherited)",
				);
				GCC_WARN_64_TO_32_BIT_CONVERSION = YES;
				GCC_WARN_ABOUT_RETURN_TYPE = YES_ERROR;
				GCC_WARN_UNDECLARED_SELECTOR = YES;
				GCC_WARN_UNINITIALIZED_AUTOS = YES_AGGRESSIVE;
				GCC_WARN_UNUSED_FUNCTION = YES;
				GCC_WARN_UNUSED_VARIABLE = YES;
				IPHONEOS_DEPLOYMENT_TARGET = 16.2;
				MTL_ENABLE_DEBUG_INFO = INCLUDE_SOURCE;
				MTL_FAST_MATH = YES;
				ONLY_ACTIVE_ARCH = YES;
				SDKROOT = iphoneos;
				SWIFT_ACTIVE_COMPILATION_CONDITIONS = DEBUG;
				SWIFT_OPTIMIZATION_LEVEL = "-Onone";
			};
			name = Debug;
		};
		187848BF29FB816E00FC5A5F /* Release */ = {
			isa = XCBuildConfiguration;
			buildSettings = {
				ALWAYS_SEARCH_USER_PATHS = NO;
				CLANG_ANALYZER_NONNULL = YES;
				CLANG_ANALYZER_NUMBER_OBJECT_CONVERSION = YES_AGGRESSIVE;
				CLANG_CXX_LANGUAGE_STANDARD = "gnu++20";
				CLANG_ENABLE_MODULES = YES;
				CLANG_ENABLE_OBJC_ARC = YES;
				CLANG_ENABLE_OBJC_WEAK = YES;
				CLANG_WARN_BLOCK_CAPTURE_AUTORELEASING = YES;
				CLANG_WARN_BOOL_CONVERSION = YES;
				CLANG_WARN_COMMA = YES;
				CLANG_WARN_CONSTANT_CONVERSION = YES;
				CLANG_WARN_DEPRECATED_OBJC_IMPLEMENTATIONS = YES;
				CLANG_WARN_DIRECT_OBJC_ISA_USAGE = YES_ERROR;
				CLANG_WARN_DOCUMENTATION_COMMENTS = YES;
				CLANG_WARN_EMPTY_BODY = YES;
				CLANG_WARN_ENUM_CONVERSION = YES;
				CLANG_WARN_INFINITE_RECURSION = YES;
				CLANG_WARN_INT_CONVERSION = YES;
				CLANG_WARN_NON_LITERAL_NULL_CONVERSION = YES;
				CLANG_WARN_OBJC_IMPLICIT_RETAIN_SELF = YES;
				CLANG_WARN_OBJC_LITERAL_CONVERSION = YES;
				CLANG_WARN_OBJC_ROOT_CLASS = YES_ERROR;
				CLANG_WARN_QUOTED_INCLUDE_IN_FRAMEWORK_HEADER = YES;
				CLANG_WARN_RANGE_LOOP_ANALYSIS = YES;
				CLANG_WARN_STRICT_PROTOTYPES = YES;
				CLANG_WARN_SUSPICIOUS_MOVE = YES;
				CLANG_WARN_UNGUARDED_AVAILABILITY = YES_AGGRESSIVE;
				CLANG_WARN_UNREACHABLE_CODE = YES;
				CLANG_WARN__DUPLICATE_METHOD_MATCH = YES;
				COPY_PHASE_STRIP = NO;
				DEBUG_INFORMATION_FORMAT = "dwarf-with-dsym";
				ENABLE_NS_ASSERTIONS = NO;
				ENABLE_STRICT_OBJC_MSGSEND = YES;
				GCC_C_LANGUAGE_STANDARD = gnu11;
				GCC_NO_COMMON_BLOCKS = YES;
				GCC_WARN_64_TO_32_BIT_CONVERSION = YES;
				GCC_WARN_ABOUT_RETURN_TYPE = YES_ERROR;
				GCC_WARN_UNDECLARED_SELECTOR = YES;
				GCC_WARN_UNINITIALIZED_AUTOS = YES_AGGRESSIVE;
				GCC_WARN_UNUSED_FUNCTION = YES;
				GCC_WARN_UNUSED_VARIABLE = YES;
				IPHONEOS_DEPLOYMENT_TARGET = 16.2;
				MTL_ENABLE_DEBUG_INFO = NO;
				MTL_FAST_MATH = YES;
				SDKROOT = iphoneos;
				SWIFT_COMPILATION_MODE = wholemodule;
				SWIFT_OPTIMIZATION_LEVEL = "-O";
				VALIDATE_PRODUCT = YES;
			};
			name = Release;
		};
		187848C129FB816E00FC5A5F /* Debug */ = {
			isa = XCBuildConfiguration;
			buildSettings = {
				ASSETCATALOG_COMPILER_APPICON_NAME = AppIcon;
				ASSETCATALOG_COMPILER_GLOBAL_ACCENT_COLOR_NAME = AccentColor;
				CODE_SIGN_STYLE = Automatic;
				CURRENT_PROJECT_VERSION = 1;
				DEVELOPMENT_TEAM = 4FT34TR735;
				GENERATE_INFOPLIST_FILE = YES;
				INFOPLIST_FILE = GigleeLayout/Info.plist;
				INFOPLIST_KEY_UIApplicationSupportsIndirectInputEvents = YES;
				INFOPLIST_KEY_UILaunchStoryboardName = LaunchScreen;
				INFOPLIST_KEY_UIMainStoryboardFile = LoginView;
				INFOPLIST_KEY_UISupportedInterfaceOrientations = UIInterfaceOrientationPortrait;
				LD_RUNPATH_SEARCH_PATHS = (
					"$(inherited)",
					"@executable_path/Frameworks",
				);
				MARKETING_VERSION = 1.0;
				PRODUCT_BUNDLE_IDENTIFIER = com.suleman.gigleelayout.GigleeLayout;
				PRODUCT_NAME = "$(TARGET_NAME)";
				SWIFT_EMIT_LOC_STRINGS = YES;
				SWIFT_VERSION = 5.0;
				TARGETED_DEVICE_FAMILY = "1,2";
			};
			name = Debug;
		};
		187848C229FB816E00FC5A5F /* Release */ = {
			isa = XCBuildConfiguration;
			buildSettings = {
				ASSETCATALOG_COMPILER_APPICON_NAME = AppIcon;
				ASSETCATALOG_COMPILER_GLOBAL_ACCENT_COLOR_NAME = AccentColor;
				CODE_SIGN_STYLE = Automatic;
				CURRENT_PROJECT_VERSION = 1;
				DEVELOPMENT_TEAM = 4FT34TR735;
				GENERATE_INFOPLIST_FILE = YES;
				INFOPLIST_FILE = GigleeLayout/Info.plist;
				INFOPLIST_KEY_UIApplicationSupportsIndirectInputEvents = YES;
				INFOPLIST_KEY_UILaunchStoryboardName = LaunchScreen;
				INFOPLIST_KEY_UIMainStoryboardFile = LoginView;
				INFOPLIST_KEY_UISupportedInterfaceOrientations = UIInterfaceOrientationPortrait;
				LD_RUNPATH_SEARCH_PATHS = (
					"$(inherited)",
					"@executable_path/Frameworks",
				);
				MARKETING_VERSION = 1.0;
				PRODUCT_BUNDLE_IDENTIFIER = com.suleman.gigleelayout.GigleeLayout;
				PRODUCT_NAME = "$(TARGET_NAME)";
				SWIFT_EMIT_LOC_STRINGS = YES;
				SWIFT_VERSION = 5.0;
				TARGETED_DEVICE_FAMILY = "1,2";
			};
			name = Release;
		};
/* End XCBuildConfiguration section */

/* Begin XCConfigurationList section */
		187848A729FB816C00FC5A5F /* Build configuration list for PBXProject "GigleeLayout" */ = {
			isa = XCConfigurationList;
			buildConfigurations = (
				187848BE29FB816E00FC5A5F /* Debug */,
				187848BF29FB816E00FC5A5F /* Release */,
			);
			defaultConfigurationIsVisible = 0;
			defaultConfigurationName = Release;
		};
		187848C029FB816E00FC5A5F /* Build configuration list for PBXNativeTarget "GigleeLayout" */ = {
			isa = XCConfigurationList;
			buildConfigurations = (
				187848C129FB816E00FC5A5F /* Debug */,
				187848C229FB816E00FC5A5F /* Release */,
			);
			defaultConfigurationIsVisible = 0;
			defaultConfigurationName = Release;
		};
/* End XCConfigurationList section */
	};
	rootObject = 187848A429FB816C00FC5A5F /* Project object */;
}
